{
  "name": "sleek",
  "version": "1.0.0",
  "lockfileVersion": 1,
  "requires": true,
  "dependencies": {
    "breakpoint-sass": {
      "version": "2.7.1",
      "resolved": "https://registry.npmjs.org/breakpoint-sass/-/breakpoint-sass-2.7.1.tgz",
      "integrity": "sha1-jvbEdE3MJbqD2Wm2yaF+XaopmAo="
    },
    "fg-loadcss": {
      "version": "1.3.1",
      "resolved": "https://registry.npmjs.org/fg-loadcss/-/fg-loadcss-1.3.1.tgz",
      "integrity": "sha1-iTDoIJWfqvuyQoUO7sTy0CWUMMs="
    },
    "jquery": {
      "version": "3.3.1",
      "resolved": "https://registry.npmjs.org/jquery/-/jquery-3.3.1.tgz",
      "integrity": "sha512-Ubldcmxp5np52/ENotGxlLe6aGMvmF4R8S6tZjsP6Knsaxd/xp3Zrh50cG93lR6nPXyUFwzN3ZSOQI0wRJNdGg=="
    },
    "lazysizes": {
      "version": "4.0.1",
      "resolved": "https://registry.npmjs.org/lazysizes/-/lazysizes-4.0.1.tgz",
      "integrity": "sha1-Qo/pVh1/9cOysnh7eO1UCAmGQgs="
    },
    "normalize.css": {
      "version": "7.0.0",
      "resolved": "https://registry.npmjs.org/normalize.css/-/normalize.css-7.0.0.tgz",
      "integrity": "sha1-q/sd2CRwZ04DIrU86xqvQSk45L8="
    },
    "picturefill": {
      "version": "3.0.2",
      "resolved": "https://registry.npmjs.org/picturefill/-/picturefill-3.0.2.tgz",
      "integrity": "sha1-+j01//vvWrUwD+KtncqPLjbLons="
    },
    "velocity-animate": {
      "version": "1.5.1",
      "resolved": "https://registry.npmjs.org/velocity-animate/-/velocity-animate-1.5.1.tgz",
      "integrity": "sha512-VJ3csMz5zP1ifkbBlsNYpxnoWkPHfVRQ8tUongS78W5DxSGHB68pjYHDTgUYBkVM7P/HpYdVukgVUFcxjr1gGg=="
    }
  }
}
